// !$*UTF8*$!
{
	archiveVersion = 1;
	classes = {
	};
	objectVersion = 56;
	objects = {

/* Begin PBXBuildFile section */
		FC39866D2A4D42270082CC11 /* SolidButtonView.swift in Sources */ = {isa = PBXBuildFile; fileRef = FC39866C2A4D42270082CC11 /* SolidButtonView.swift */; };
		FCEA51B82A41D6CF00EA606C /* ProfileView.swift in Sources */ = {isa = PBXBuildFile; fileRef = FCEA51B72A41D6CF00EA606C /* ProfileView.swift */; };
		FCEA51BA2A41D7FF00EA606C /* TodoListVIew.swift in Sources */ = {isa = PBXBuildFile; fileRef = FCEA51B92A41D7FF00EA606C /* TodoListVIew.swift */; };
		FCEA51BC2A41D88400EA606C /* NewTodoView.swift in Sources */ = {isa = PBXBuildFile; fileRef = FCEA51BB2A41D88400EA606C /* NewTodoView.swift */; };
		FCEA51C02A41D8A700EA606C /* AccountRegistrationView.swift in Sources */ = {isa = PBXBuildFile; fileRef = FCEA51BF2A41D8A700EA606C /* AccountRegistrationView.swift */; };
		FCEA51C22A41D8BE00EA606C /* ToDoItemView.swift in Sources */ = {isa = PBXBuildFile; fileRef = FCEA51C12A41D8BE00EA606C /* ToDoItemView.swift */; };
		FCEA51C42A41D9B100EA606C /* User.swift in Sources */ = {isa = PBXBuildFile; fileRef = FCEA51C32A41D9B100EA606C /* User.swift */; };
		FCEA51C62A41D9BD00EA606C /* TodoItem.swift in Sources */ = {isa = PBXBuildFile; fileRef = FCEA51C52A41D9BD00EA606C /* TodoItem.swift */; };
		FCEA51C82A41D9E400EA606C /* MainViewModel.swift in Sources */ = {isa = PBXBuildFile; fileRef = FCEA51C72A41D9E400EA606C /* MainViewModel.swift */; };
		FCEA51CA2A41D9EE00EA606C /* ProfileViewModel.swift in Sources */ = {isa = PBXBuildFile; fileRef = FCEA51C92A41D9EE00EA606C /* ProfileViewModel.swift */; };
		FCEA51CC2A41D9F600EA606C /* TodoListViewModel.swift in Sources */ = {isa = PBXBuildFile; fileRef = FCEA51CB2A41D9F600EA606C /* TodoListViewModel.swift */; };
		FCEA51CE2A41DA0700EA606C /* NewTodoViewModel.swift in Sources */ = {isa = PBXBuildFile; fileRef = FCEA51CD2A41DA0700EA606C /* NewTodoViewModel.swift */; };
		FCEA51D02A41DA1000EA606C /* LoginViewModel.swift in Sources */ = {isa = PBXBuildFile; fileRef = FCEA51CF2A41DA1000EA606C /* LoginViewModel.swift */; };
		FCEA51D22A41DA1700EA606C /* AccountRegistrationViewModel.swift in Sources */ = {isa = PBXBuildFile; fileRef = FCEA51D12A41DA1700EA606C /* AccountRegistrationViewModel.swift */; };
		FCEA51D42A41DA2300EA606C /* ToDoItemViewModel.swift in Sources */ = {isa = PBXBuildFile; fileRef = FCEA51D32A41DA2300EA606C /* ToDoItemViewModel.swift */; };
		FCED26152A408C25008E5353 /* ForgetMeNotApp.swift in Sources */ = {isa = PBXBuildFile; fileRef = FCED26142A408C25008E5353 /* ForgetMeNotApp.swift */; };
		FCED26172A408C25008E5353 /* MainView.swift in Sources */ = {isa = PBXBuildFile; fileRef = FCED26162A408C25008E5353 /* MainView.swift */; };
		FCED26192A408C26008E5353 /* Assets.xcassets in Resources */ = {isa = PBXBuildFile; fileRef = FCED26182A408C26008E5353 /* Assets.xcassets */; };
		FCED261C2A408C26008E5353 /* Preview Assets.xcassets in Resources */ = {isa = PBXBuildFile; fileRef = FCED261B2A408C26008E5353 /* Preview Assets.xcassets */; };
		FCED26242A408CE4008E5353 /* FirebaseAuth in Frameworks */ = {isa = PBXBuildFile; productRef = FCED26232A408CE4008E5353 /* FirebaseAuth */; };
		FCED26262A408CE4008E5353 /* FirebaseFirestore in Frameworks */ = {isa = PBXBuildFile; productRef = FCED26252A408CE4008E5353 /* FirebaseFirestore */; };
		FCED26282A408CE4008E5353 /* FirebaseFirestoreSwift in Frameworks */ = {isa = PBXBuildFile; productRef = FCED26272A408CE4008E5353 /* FirebaseFirestoreSwift */; };
		FCED262C2A41428C008E5353 /* GoogleService-Info.plist in Resources */ = {isa = PBXBuildFile; fileRef = FCED262B2A41428C008E5353 /* GoogleService-Info.plist */; };
		FCFFC87F2A45C5DC00BD71F9 /* LoginView.swift in Sources */ = {isa = PBXBuildFile; fileRef = FCFFC87E2A45C5DC00BD71F9 /* LoginView.swift */; };
		FCFFC8812A4881B400BD71F9 /* HeaderView.swift in Sources */ = {isa = PBXBuildFile; fileRef = FCFFC8802A4881B400BD71F9 /* HeaderView.swift */; };
/* End PBXBuildFile section */

/* Begin PBXFileReference section */
		FC39866C2A4D42270082CC11 /* SolidButtonView.swift */ = {isa = PBXFileReference; lastKnownFileType = sourcecode.swift; path = SolidButtonView.swift; sourceTree = "<group>"; };
		FCEA51B72A41D6CF00EA606C /* ProfileView.swift */ = {isa = PBXFileReference; lastKnownFileType = sourcecode.swift; path = ProfileView.swift; sourceTree = "<group>"; };
		FCEA51B92A41D7FF00EA606C /* TodoListVIew.swift */ = {isa = PBXFileReference; lastKnownFileType = sourcecode.swift; path = TodoListVIew.swift; sourceTree = "<group>"; };
		FCEA51BB2A41D88400EA606C /* NewTodoView.swift */ = {isa = PBXFileReference; lastKnownFileType = sourcecode.swift; path = NewTodoView.swift; sourceTree = "<group>"; };
		FCEA51BF2A41D8A700EA606C /* AccountRegistrationView.swift */ = {isa = PBXFileReference; lastKnownFileType = sourcecode.swift; path = AccountRegistrationView.swift; sourceTree = "<group>"; };
		FCEA51C12A41D8BE00EA606C /* ToDoItemView.swift */ = {isa = PBXFileReference; lastKnownFileType = sourcecode.swift; path = ToDoItemView.swift; sourceTree = "<group>"; };
		FCEA51C32A41D9B100EA606C /* User.swift */ = {isa = PBXFileReference; lastKnownFileType = sourcecode.swift; path = User.swift; sourceTree = "<group>"; };
		FCEA51C52A41D9BD00EA606C /* TodoItem.swift */ = {isa = PBXFileReference; lastKnownFileType = sourcecode.swift; path = TodoItem.swift; sourceTree = "<group>"; };
		FCEA51C72A41D9E400EA606C /* MainViewModel.swift */ = {isa = PBXFileReference; lastKnownFileType = sourcecode.swift; path = MainViewModel.swift; sourceTree = "<group>"; };
		FCEA51C92A41D9EE00EA606C /* ProfileViewModel.swift */ = {isa = PBXFileReference; lastKnownFileType = sourcecode.swift; path = ProfileViewModel.swift; sourceTree = "<group>"; };
		FCEA51CB2A41D9F600EA606C /* TodoListViewModel.swift */ = {isa = PBXFileReference; lastKnownFileType = sourcecode.swift; path = TodoListViewModel.swift; sourceTree = "<group>"; };
		FCEA51CD2A41DA0700EA606C /* NewTodoViewModel.swift */ = {isa = PBXFileReference; lastKnownFileType = sourcecode.swift; path = NewTodoViewModel.swift; sourceTree = "<group>"; };
		FCEA51CF2A41DA1000EA606C /* LoginViewModel.swift */ = {isa = PBXFileReference; lastKnownFileType = sourcecode.swift; path = LoginViewModel.swift; sourceTree = "<group>"; };
		FCEA51D12A41DA1700EA606C /* AccountRegistrationViewModel.swift */ = {isa = PBXFileReference; lastKnownFileType = sourcecode.swift; path = AccountRegistrationViewModel.swift; sourceTree = "<group>"; };
		FCEA51D32A41DA2300EA606C /* ToDoItemViewModel.swift */ = {isa = PBXFileReference; lastKnownFileType = sourcecode.swift; path = ToDoItemViewModel.swift; sourceTree = "<group>"; };
		FCED26112A408C25008E5353 /* ForgetMeNot.app */ = {isa = PBXFileReference; explicitFileType = wrapper.application; includeInIndex = 0; path = ForgetMeNot.app; sourceTree = BUILT_PRODUCTS_DIR; };
		FCED26142A408C25008E5353 /* ForgetMeNotApp.swift */ = {isa = PBXFileReference; lastKnownFileType = sourcecode.swift; path = ForgetMeNotApp.swift; sourceTree = "<group>"; };
		FCED26162A408C25008E5353 /* MainView.swift */ = {isa = PBXFileReference; lastKnownFileType = sourcecode.swift; path = MainView.swift; sourceTree = "<group>"; };
		FCED26182A408C26008E5353 /* Assets.xcassets */ = {isa = PBXFileReference; lastKnownFileType = folder.assetcatalog; path = Assets.xcassets; sourceTree = "<group>"; };
		FCED261B2A408C26008E5353 /* Preview Assets.xcassets */ = {isa = PBXFileReference; lastKnownFileType = folder.assetcatalog; path = "Preview Assets.xcassets"; sourceTree = "<group>"; };
		FCED262B2A41428C008E5353 /* GoogleService-Info.plist */ = {isa = PBXFileReference; fileEncoding = 4; lastKnownFileType = text.plist.xml; path = "GoogleService-Info.plist"; sourceTree = "<group>"; };
		FCFFC87E2A45C5DC00BD71F9 /* LoginView.swift */ = {isa = PBXFileReference; lastKnownFileType = sourcecode.swift; path = LoginView.swift; sourceTree = "<group>"; };
		FCFFC8802A4881B400BD71F9 /* HeaderView.swift */ = {isa = PBXFileReference; lastKnownFileType = sourcecode.swift; path = HeaderView.swift; sourceTree = "<group>"; };
/* End PBXFileReference section */

/* Begin PBXFrameworksBuildPhase section */
		FCED260E2A408C25008E5353 /* Frameworks */ = {
			isa = PBXFrameworksBuildPhase;
			buildActionMask = 2147483647;
			files = (
				FCED26242A408CE4008E5353 /* FirebaseAuth in Frameworks */,
				FCED26262A408CE4008E5353 /* FirebaseFirestore in Frameworks */,
				FCED26282A408CE4008E5353 /* FirebaseFirestoreSwift in Frameworks */,
			);
			runOnlyForDeploymentPostprocessing = 0;
		};
/* End PBXFrameworksBuildPhase section */

/* Begin PBXGroup section */
		FCEA51B42A41D5AD00EA606C /* Views */ = {
			isa = PBXGroup;
			children = (
				FCED26162A408C25008E5353 /* MainView.swift */,
				FCFFC87E2A45C5DC00BD71F9 /* LoginView.swift */,
				FCEA51B72A41D6CF00EA606C /* ProfileView.swift */,
				FCEA51B92A41D7FF00EA606C /* TodoListVIew.swift */,
				FCEA51BB2A41D88400EA606C /* NewTodoView.swift */,
				FCEA51BF2A41D8A700EA606C /* AccountRegistrationView.swift */,
				FCEA51C12A41D8BE00EA606C /* ToDoItemView.swift */,
				FCFFC8802A4881B400BD71F9 /* HeaderView.swift */,
				FC39866C2A4D42270082CC11 /* SolidButtonView.swift */,
			);
			path = Views;
			sourceTree = "<group>";
		};
		FCEA51B52A41D5B500EA606C /* Models */ = {
			isa = PBXGroup;
			children = (
				FCEA51C32A41D9B100EA606C /* User.swift */,
				FCEA51C52A41D9BD00EA606C /* TodoItem.swift */,
			);
			path = Models;
			sourceTree = "<group>";
		};
		FCEA51B62A41D5BC00EA606C /* ViewModels */ = {
			isa = PBXGroup;
			children = (
				FCEA51C72A41D9E400EA606C /* MainViewModel.swift */,
				FCEA51C92A41D9EE00EA606C /* ProfileViewModel.swift */,
				FCEA51CB2A41D9F600EA606C /* TodoListViewModel.swift */,
				FCEA51CD2A41DA0700EA606C /* NewTodoViewModel.swift */,
				FCEA51CF2A41DA1000EA606C /* LoginViewModel.swift */,
				FCEA51D12A41DA1700EA606C /* AccountRegistrationViewModel.swift */,
				FCEA51D32A41DA2300EA606C /* ToDoItemViewModel.swift */,
			);
			path = ViewModels;
			sourceTree = "<group>";
		};
		FCED26082A408C25008E5353 = {
			isa = PBXGroup;
			children = (
				FCED26132A408C25008E5353 /* ForgetMeNot */,
				FCED26122A408C25008E5353 /* Products */,
			);
			indentWidth = 2;
			sourceTree = "<group>";
			tabWidth = 2;
		};
		FCED26122A408C25008E5353 /* Products */ = {
			isa = PBXGroup;
			children = (
				FCED26112A408C25008E5353 /* ForgetMeNot.app */,
			);
			name = Products;
			sourceTree = "<group>";
		};
		FCED26132A408C25008E5353 /* ForgetMeNot */ = {
			isa = PBXGroup;
			children = (
				FCEA51B62A41D5BC00EA606C /* ViewModels */,
				FCEA51B52A41D5B500EA606C /* Models */,
				FCEA51B42A41D5AD00EA606C /* Views */,
				FCED262B2A41428C008E5353 /* GoogleService-Info.plist */,
				FCED26142A408C25008E5353 /* ForgetMeNotApp.swift */,
				FCED26182A408C26008E5353 /* Assets.xcassets */,
				FCED261A2A408C26008E5353 /* Preview Content */,
			);
			path = ForgetMeNot;
			sourceTree = "<group>";
		};
		FCED261A2A408C26008E5353 /* Preview Content */ = {
			isa = PBXGroup;
			children = (
				FCED261B2A408C26008E5353 /* Preview Assets.xcassets */,
			);
			path = "Preview Content";
			sourceTree = "<group>";
		};
/* End PBXGroup section */

/* Begin PBXNativeTarget section */
		FCED26102A408C25008E5353 /* ForgetMeNot */ = {
			isa = PBXNativeTarget;
			buildConfigurationList = FCED261F2A408C26008E5353 /* Build configuration list for PBXNativeTarget "ForgetMeNot" */;
			buildPhases = (
				FCED260D2A408C25008E5353 /* Sources */,
				FCED260E2A408C25008E5353 /* Frameworks */,
				FCED260F2A408C25008E5353 /* Resources */,
			);
			buildRules = (
			);
			dependencies = (
			);
			name = ForgetMeNot;
			packageProductDependencies = (
				FCED26232A408CE4008E5353 /* FirebaseAuth */,
				FCED26252A408CE4008E5353 /* FirebaseFirestore */,
				FCED26272A408CE4008E5353 /* FirebaseFirestoreSwift */,
			);
			productName = ForgetMeNot;
			productReference = FCED26112A408C25008E5353 /* ForgetMeNot.app */;
			productType = "com.apple.product-type.application";
		};
/* End PBXNativeTarget section */

/* Begin PBXProject section */
		FCED26092A408C25008E5353 /* Project object */ = {
			isa = PBXProject;
			attributes = {
				BuildIndependentTargetsInParallel = 1;
				LastSwiftUpdateCheck = 1430;
				LastUpgradeCheck = 1430;
				TargetAttributes = {
					FCED26102A408C25008E5353 = {
						CreatedOnToolsVersion = 14.3.1;
					};
				};
			};
			buildConfigurationList = FCED260C2A408C25008E5353 /* Build configuration list for PBXProject "ForgetMeNot" */;
			compatibilityVersion = "Xcode 14.0";
			developmentRegion = en;
			hasScannedForEncodings = 0;
			knownRegions = (
				en,
				Base,
			);
			mainGroup = FCED26082A408C25008E5353;
			packageReferences = (
				FCED26222A408CE4008E5353 /* XCRemoteSwiftPackageReference "firebase-ios-sdk" */,
			);
			productRefGroup = FCED26122A408C25008E5353 /* Products */;
			projectDirPath = "";
			projectRoot = "";
			targets = (
				FCED26102A408C25008E5353 /* ForgetMeNot */,
			);
		};
/* End PBXProject section */

/* Begin PBXResourcesBuildPhase section */
		FCED260F2A408C25008E5353 /* Resources */ = {
			isa = PBXResourcesBuildPhase;
			buildActionMask = 2147483647;
			files = (
				FCED261C2A408C26008E5353 /* Preview Assets.xcassets in Resources */,
				FCED26192A408C26008E5353 /* Assets.xcassets in Resources */,
				FCED262C2A41428C008E5353 /* GoogleService-Info.plist in Resources */,
			);
			runOnlyForDeploymentPostprocessing = 0;
		};
/* End PBXResourcesBuildPhase section */

/* Begin PBXSourcesBuildPhase section */
		FCED260D2A408C25008E5353 /* Sources */ = {
			isa = PBXSourcesBuildPhase;
			buildActionMask = 2147483647;
			files = (
				FCEA51C62A41D9BD00EA606C /* TodoItem.swift in Sources */,
				FCEA51CC2A41D9F600EA606C /* TodoListViewModel.swift in Sources */,
				FCED26172A408C25008E5353 /* MainView.swift in Sources */,
				FCEA51B82A41D6CF00EA606C /* ProfileView.swift in Sources */,
				FCEA51D22A41DA1700EA606C /* AccountRegistrationViewModel.swift in Sources */,
				FCEA51BA2A41D7FF00EA606C /* TodoListVIew.swift in Sources */,
				FCEA51BC2A41D88400EA606C /* NewTodoView.swift in Sources */,
				FCEA51CE2A41DA0700EA606C /* NewTodoViewModel.swift in Sources */,
				FCEA51D02A41DA1000EA606C /* LoginViewModel.swift in Sources */,
				FCEA51CA2A41D9EE00EA606C /* ProfileViewModel.swift in Sources */,
				FCFFC8812A4881B400BD71F9 /* HeaderView.swift in Sources */,
				FCFFC87F2A45C5DC00BD71F9 /* LoginView.swift in Sources */,
				FC39866D2A4D42270082CC11 /* SolidButtonView.swift in Sources */,
				FCEA51C42A41D9B100EA606C /* User.swift in Sources */,
				FCEA51C22A41D8BE00EA606C /* ToDoItemView.swift in Sources */,
				FCED26152A408C25008E5353 /* ForgetMeNotApp.swift in Sources */,
				FCEA51C02A41D8A700EA606C /* AccountRegistrationView.swift in Sources */,
				FCEA51D42A41DA2300EA606C /* ToDoItemViewModel.swift in Sources */,
				FCEA51C82A41D9E400EA606C /* MainViewModel.swift in Sources */,
			);
			runOnlyForDeploymentPostprocessing = 0;
		};
/* End PBXSourcesBuildPhase section */

/* Begin XCBuildConfiguration section */
		FCED261D2A408C26008E5353 /* Debug */ = {
			isa = XCBuildConfiguration;
			buildSettings = {
				ALWAYS_SEARCH_USER_PATHS = NO;
				CLANG_ANALYZER_NONNULL = YES;
				CLANG_ANALYZER_NUMBER_OBJECT_CONVERSION = YES_AGGRESSIVE;
				CLANG_CXX_LANGUAGE_STANDARD = "gnu++20";
				CLANG_ENABLE_MODULES = YES;
				CLANG_ENABLE_OBJC_ARC = YES;
				CLANG_ENABLE_OBJC_WEAK = YES;
				CLANG_WARN_BLOCK_CAPTURE_AUTORELEASING = YES;
				CLANG_WARN_BOOL_CONVERSION = YES;
				CLANG_WARN_COMMA = YES;
				CLANG_WARN_CONSTANT_CONVERSION = YES;
				CLANG_WARN_DEPRECATED_OBJC_IMPLEMENTATIONS = YES;
				CLANG_WARN_DIRECT_OBJC_ISA_USAGE = YES_ERROR;
				CLANG_WARN_DOCUMENTATION_COMMENTS = YES;
				CLANG_WARN_EMPTY_BODY = YES;
				CLANG_WARN_ENUM_CONVERSION = YES;
				CLANG_WARN_INFINITE_RECURSION = YES;
				CLANG_WARN_INT_CONVERSION = YES;
				CLANG_WARN_NON_LITERAL_NULL_CONVERSION = YES;
				CLANG_WARN_OBJC_IMPLICIT_RETAIN_SELF = YES;
				CLANG_WARN_OBJC_LITERAL_CONVERSION = YES;
				CLANG_WARN_OBJC_ROOT_CLASS = YES_ERROR;
				CLANG_WARN_QUOTED_INCLUDE_IN_FRAMEWORK_HEADER = YES;
				CLANG_WARN_RANGE_LOOP_ANALYSIS = YES;
				CLANG_WARN_STRICT_PROTOTYPES = YES;
				CLANG_WARN_SUSPICIOUS_MOVE = YES;
				CLANG_WARN_UNGUARDED_AVAILABILITY = YES_AGGRESSIVE;
				CLANG_WARN_UNREACHABLE_CODE = YES;
				CLANG_WARN__DUPLICATE_METHOD_MATCH = YES;
				COPY_PHASE_STRIP = NO;
				DEBUG_INFORMATION_FORMAT = dwarf;
				ENABLE_STRICT_OBJC_MSGSEND = YES;
				ENABLE_TESTABILITY = YES;
				GCC_C_LANGUAGE_STANDARD = gnu11;
				GCC_DYNAMIC_NO_PIC = NO;
				GCC_NO_COMMON_BLOCKS = YES;
				GCC_OPTIMIZATION_LEVEL = 0;
				GCC_PREPROCESSOR_DEFINITIONS = (
					"DEBUG=1",
					"$(inherited)",
				);
				GCC_WARN_64_TO_32_BIT_CONVERSION = YES;
				GCC_WARN_ABOUT_RETURN_TYPE = YES_ERROR;
				GCC_WARN_UNDECLARED_SELECTOR = YES;
				GCC_WARN_UNINITIALIZED_AUTOS = YES_AGGRESSIVE;
				GCC_WARN_UNUSED_FUNCTION = YES;
				GCC_WARN_UNUSED_VARIABLE = YES;
				IPHONEOS_DEPLOYMENT_TARGET = 16.4;
				MTL_ENABLE_DEBUG_INFO = INCLUDE_SOURCE;
				MTL_FAST_MATH = YES;
				ONLY_ACTIVE_ARCH = YES;
				SDKROOT = iphoneos;
				SWIFT_ACTIVE_COMPILATION_CONDITIONS = DEBUG;
				SWIFT_OPTIMIZATION_LEVEL = "-Onone";
			};
			name = Debug;
		};
		FCED261E2A408C26008E5353 /* Release */ = {
			isa = XCBuildConfiguration;
			buildSettings = {
				ALWAYS_SEARCH_USER_PATHS = NO;
				CLANG_ANALYZER_NONNULL = YES;
				CLANG_ANALYZER_NUMBER_OBJECT_CONVERSION = YES_AGGRESSIVE;
				CLANG_CXX_LANGUAGE_STANDARD = "gnu++20";
				CLANG_ENABLE_MODULES = YES;
				CLANG_ENABLE_OBJC_ARC = YES;
				CLANG_ENABLE_OBJC_WEAK = YES;
				CLANG_WARN_BLOCK_CAPTURE_AUTORELEASING = YES;
				CLANG_WARN_BOOL_CONVERSION = YES;
				CLANG_WARN_COMMA = YES;
				CLANG_WARN_CONSTANT_CONVERSION = YES;
				CLANG_WARN_DEPRECATED_OBJC_IMPLEMENTATIONS = YES;
				CLANG_WARN_DIRECT_OBJC_ISA_USAGE = YES_ERROR;
				CLANG_WARN_DOCUMENTATION_COMMENTS = YES;
				CLANG_WARN_EMPTY_BODY = YES;
				CLANG_WARN_ENUM_CONVERSION = YES;
				CLANG_WARN_INFINITE_RECURSION = YES;
				CLANG_WARN_INT_CONVERSION = YES;
				CLANG_WARN_NON_LITERAL_NULL_CONVERSION = YES;
				CLANG_WARN_OBJC_IMPLICIT_RETAIN_SELF = YES;
				CLANG_WARN_OBJC_LITERAL_CONVERSION = YES;
				CLANG_WARN_OBJC_ROOT_CLASS = YES_ERROR;
				CLANG_WARN_QUOTED_INCLUDE_IN_FRAMEWORK_HEADER = YES;
				CLANG_WARN_RANGE_LOOP_ANALYSIS = YES;
				CLANG_WARN_STRICT_PROTOTYPES = YES;
				CLANG_WARN_SUSPICIOUS_MOVE = YES;
				CLANG_WARN_UNGUARDED_AVAILABILITY = YES_AGGRESSIVE;
				CLANG_WARN_UNREACHABLE_CODE = YES;
				CLANG_WARN__DUPLICATE_METHOD_MATCH = YES;
				COPY_PHASE_STRIP = NO;
				DEBUG_INFORMATION_FORMAT = "dwarf-with-dsym";
				ENABLE_NS_ASSERTIONS = NO;
				ENABLE_STRICT_OBJC_MSGSEND = YES;
				GCC_C_LANGUAGE_STANDARD = gnu11;
				GCC_NO_COMMON_BLOCKS = YES;
				GCC_WARN_64_TO_32_BIT_CONVERSION = YES;
				GCC_WARN_ABOUT_RETURN_TYPE = YES_ERROR;
				GCC_WARN_UNDECLARED_SELECTOR = YES;
				GCC_WARN_UNINITIALIZED_AUTOS = YES_AGGRESSIVE;
				GCC_WARN_UNUSED_FUNCTION = YES;
				GCC_WARN_UNUSED_VARIABLE = YES;
				IPHONEOS_DEPLOYMENT_TARGET = 16.4;
				MTL_ENABLE_DEBUG_INFO = NO;
				MTL_FAST_MATH = YES;
				SDKROOT = iphoneos;
				SWIFT_COMPILATION_MODE = wholemodule;
				SWIFT_OPTIMIZATION_LEVEL = "-O";
				VALIDATE_PRODUCT = YES;
			};
			name = Release;
		};
		FCED26202A408C26008E5353 /* Debug */ = {
			isa = XCBuildConfiguration;
			buildSettings = {
				ASSETCATALOG_COMPILER_APPICON_NAME = AppIcon;
				ASSETCATALOG_COMPILER_GLOBAL_ACCENT_COLOR_NAME = AccentColor;
				CODE_SIGN_STYLE = Automatic;
				CURRENT_PROJECT_VERSION = 1;
				DEVELOPMENT_ASSET_PATHS = "\"ForgetMeNot/Preview Content\"";
				ENABLE_PREVIEWS = YES;
				GENERATE_INFOPLIST_FILE = YES;
				INFOPLIST_KEY_CFBundleDisplayName = "Forget Me Not";
				INFOPLIST_KEY_LSApplicationCategoryType = "public.app-category.productivity";
				INFOPLIST_KEY_UIApplicationSceneManifest_Generation = YES;
				INFOPLIST_KEY_UIApplicationSupportsIndirectInputEvents = YES;
				INFOPLIST_KEY_UILaunchScreen_Generation = YES;
				INFOPLIST_KEY_UIStatusBarStyle = "";
				INFOPLIST_KEY_UISupportedInterfaceOrientations = UIInterfaceOrientationPortrait;
				INFOPLIST_KEY_UISupportedInterfaceOrientations_iPad = "UIInterfaceOrientationPortrait UIInterfaceOrientationPortraitUpsideDown";
				LD_RUNPATH_SEARCH_PATHS = (
					"$(inherited)",
					"@executable_path/Frameworks",
				);
				MARKETING_VERSION = 1.0;
				PRODUCT_BUNDLE_IDENTIFIER = com.crimsoncitysoftware.ForgetMeNot;
				PRODUCT_NAME = "$(TARGET_NAME)";
				SUPPORTED_PLATFORMS = "iphoneos iphonesimulator";
				SUPPORTS_MACCATALYST = NO;
				SUPPORTS_MAC_DESIGNED_FOR_IPHONE_IPAD = NO;
				SWIFT_EMIT_LOC_STRINGS = YES;
				SWIFT_VERSION = 5.0;
				TARGETED_DEVICE_FAMILY = "1,2";
			};
			name = Debug;
		};
		FCED26212A408C26008E5353 /* Release */ = {
			isa = XCBuildConfiguration;
			buildSettings = {
				ASSETCATALOG_COMPILER_APPICON_NAME = AppIcon;
				ASSETCATALOG_COMPILER_GLOBAL_ACCENT_COLOR_NAME = AccentColor;
				CODE_SIGN_STYLE = Automatic;
				CURRENT_PROJECT_VERSION = 1;
				DEVELOPMENT_ASSET_PATHS = "\"ForgetMeNot/Preview Content\"";
				ENABLE_PREVIEWS = YES;
				GENERATE_INFOPLIST_FILE = YES;
				INFOPLIST_KEY_CFBundleDisplayName = "Forget Me Not";
				INFOPLIST_KEY_LSApplicationCategoryType = "public.app-category.productivity";
				INFOPLIST_KEY_UIApplicationSceneManifest_Generation = YES;
				INFOPLIST_KEY_UIApplicationSupportsIndirectInputEvents = YES;
				INFOPLIST_KEY_UILaunchScreen_Generation = YES;
				INFOPLIST_KEY_UIStatusBarStyle = "";
				INFOPLIST_KEY_UISupportedInterfaceOrientations = UIInterfaceOrientationPortrait;
				INFOPLIST_KEY_UISupportedInterfaceOrientations_iPad = "UIInterfaceOrientationPortrait UIInterfaceOrientationPortraitUpsideDown";
				LD_RUNPATH_SEARCH_PATHS = (
					"$(inherited)",
					"@executable_path/Frameworks",
				);
				MARKETING_VERSION = 1.0;
				PRODUCT_BUNDLE_IDENTIFIER = com.crimsoncitysoftware.ForgetMeNot;
				PRODUCT_NAME = "$(TARGET_NAME)";
				SUPPORTED_PLATFORMS = "iphoneos iphonesimulator";
				SUPPORTS_MACCATALYST = NO;
				SUPPORTS_MAC_DESIGNED_FOR_IPHONE_IPAD = NO;
				SWIFT_EMIT_LOC_STRINGS = YES;
				SWIFT_VERSION = 5.0;
				TARGETED_DEVICE_FAMILY = "1,2";
			};
			name = Release;
		};
/* End XCBuildConfiguration section */

/* Begin XCConfigurationList section */
		FCED260C2A408C25008E5353 /* Build configuration list for PBXProject "ForgetMeNot" */ = {
			isa = XCConfigurationList;
			buildConfigurations = (
				FCED261D2A408C26008E5353 /* Debug */,
				FCED261E2A408C26008E5353 /* Release */,
			);
			defaultConfigurationIsVisible = 0;
			defaultConfigurationName = Release;
		};
		FCED261F2A408C26008E5353 /* Build configuration list for PBXNativeTarget "ForgetMeNot" */ = {
			isa = XCConfigurationList;
			buildConfigurations = (
				FCED26202A408C26008E5353 /* Debug */,
				FCED26212A408C26008E5353 /* Release */,
			);
			defaultConfigurationIsVisible = 0;
			defaultConfigurationName = Release;
		};
/* End XCConfigurationList section */

/* Begin XCRemoteSwiftPackageReference section */
		FCED26222A408CE4008E5353 /* XCRemoteSwiftPackageReference "firebase-ios-sdk" */ = {
			isa = XCRemoteSwiftPackageReference;
			repositoryURL = "https://github.com/firebase/firebase-ios-sdk.git";
			requirement = {
				kind = upToNextMajorVersion;
				minimumVersion = 10.0.0;
			};
		};
/* End XCRemoteSwiftPackageReference section */

/* Begin XCSwiftPackageProductDependency section */
		FCED26232A408CE4008E5353 /* FirebaseAuth */ = {
			isa = XCSwiftPackageProductDependency;
			package = FCED26222A408CE4008E5353 /* XCRemoteSwiftPackageReference "firebase-ios-sdk" */;
			productName = FirebaseAuth;
		};
		FCED26252A408CE4008E5353 /* FirebaseFirestore */ = {
			isa = XCSwiftPackageProductDependency;
			package = FCED26222A408CE4008E5353 /* XCRemoteSwiftPackageReference "firebase-ios-sdk" */;
			productName = FirebaseFirestore;
		};
		FCED26272A408CE4008E5353 /* FirebaseFirestoreSwift */ = {
			isa = XCSwiftPackageProductDependency;
			package = FCED26222A408CE4008E5353 /* XCRemoteSwiftPackageReference "firebase-ios-sdk" */;
			productName = FirebaseFirestoreSwift;
		};
/* End XCSwiftPackageProductDependency section */
	};
	rootObject = FCED26092A408C25008E5353 /* Project object */;
}
